{
  "lockfileVersion": 1,
  "configVersion": 1,
  "workspaces": {
    "": {
      "devDependencies": {
        "@nitra/cursor": "^11.4.0",
      },
    },
    "npm": {
      "name": "TODO",
    },
  },
  "packages": {
    "@emnapi/core": ["@emnapi/core@1.10.0", "", { "dependencies": { "@emnapi/wasi-threads": "1.2.1", "tslib": "^2.4.0" } }, "sha512-yq6OkJ4p82CAfPl0u9mQebQHKPJkY7WrIuk205cTYnYe+k2Z8YBh11FrbRG/H6ihirqcacOgl2BIO8oyMQLeXw=="],

    "@emnapi/runtime": ["@emnapi/runtime@1.10.0", "", { "dependencies": { "tslib": "^2.4.0" } }, "sha512-ewvYlk86xUoGI0zQRNq/mC+16R1QeDlKQy21Ki3oSYXNgLb45GV1P6A0M+/s6nyCuNDqe5VpaY84BzXGwVbwFA=="],

    "@emnapi/wasi-threads": ["@emnapi/wasi-threads@1.2.1", "", { "dependencies": { "tslib": "^2.4.0" } }, "sha512-uTII7OYF+/Mes/MrcIOYp5yOtSMLBWSIoLPpcgwipoiKbli6k322tcoFsxoIIxPDqW01SQGAgko4EzZi2BNv2w=="],

    "@napi-rs/wasm-runtime": ["@napi-rs/wasm-runtime@1.1.5", "", { "dependencies": { "@tybys/wasm-util": "^0.10.2" }, "peerDependencies": { "@emnapi/core": "^1.7.1", "@emnapi/runtime": "^1.7.1" } }, "sha512-AWPoBRJ9tsnVhor4sjO7rkni+7p+2IAEFj6cx06UgP10jkQHqay/36uRV/bFkgrh18D9vb4cr8Q0Pthskgzy+Q=="],

    "@nitra/cursor": ["@nitra/cursor@11.4.0", "", { "dependencies": { "oxc-parser": "^0.128.0", "picomatch": "^4.0.4", "smol-toml": "^1.6.1", "yaml": "^2.8.3", "zod": "^4.4.3" }, "bin": { "n-cursor": "bin/n-cursor.js" } }, "sha512-bv9rAC43sFQbRedjq/4AsxJNxtXvVsvsiJmwdi03TIqipV2/kvPY2iy2oiFpBNnjPHZpF4jM2YZBp+xhwTPiwQ=="],

    "@oxc-parser/binding-android-arm-eabi": ["@oxc-parser/binding-android-arm-eabi@0.128.0", "", { "os": "android", "cpu": "arm" }, "sha512-aca6ZvzmCBUGOANQRiRQRZuRKYI3ENhcit6GisnknOOmcezfQc7xJ4dxlPU7MV7mOvrC7RNR1u3LAD7xyaiCxA=="],

    "@oxc-parser/binding-android-arm64": ["@oxc-parser/binding-android-arm64@0.128.0", "", { "os": "android", "cpu": "arm64" }, "sha512-BbeDmuohoJ7Rz/it5wnkj69i/OsCPS3Z51nLEzwO/Y6YshtC4JU+15oNwhY8v4LRKRYclRc7ggOikwrsJ/eOEQ=="],

    "@oxc-parser/binding-darwin-arm64": ["@oxc-parser/binding-darwin-arm64@0.128.0", "", { "os": "darwin", "cpu": "arm64" }, "sha512-tRUHPt80417QmvNpoSslJT1VY8NUbWdrWR+L14Zn+RbOTcaqB8E6PYE/ZGN8jjWBzqporiA/H4MfO50ew/NCNA=="],

    "@oxc-parser/binding-darwin-x64": ["@oxc-parser/binding-darwin-x64@0.128.0", "", { "os": "darwin", "cpu": "x64" }, "sha512-rWI2Hb1Nt3U/vKsjyNvZzDC8i/l144U20DKjhzaTmwIhIiSRGeroPWWiImwypmKLqrw8GuIixbWJkpGWLbkzrQ=="],

    "@oxc-parser/binding-freebsd-x64": ["@oxc-parser/binding-freebsd-x64@0.128.0", "", { "os": "freebsd", "cpu": "x64" }, "sha512-hhpdVMaNCLgQxjgNPeeFzSeJMmZPc5lKfv0NGSI3egZq9EdnEGqeC8JsYsQjK7PoQgbvZ17xlj0SO5ziH5Obkg=="],

    "@oxc-parser/binding-linux-arm-gnueabihf": ["@oxc-parser/binding-linux-arm-gnueabihf@0.128.0", "", { "os": "linux", "cpu": "arm" }, "sha512-093zNw0zZ/e/obML+rhlSdmnzR0mVZluPcAkxunEc5E3F0yBVsFn24Y1ILfsEte11Ud041qn/gp2OJ1jxNqUng=="],

    "@oxc-parser/binding-linux-arm-musleabihf": ["@oxc-parser/binding-linux-arm-musleabihf@0.128.0", "", { "os": "linux", "cpu": "arm" }, "sha512-fq7DmKmfC+dvD97IXrgbph6Jzwe0EDu+PYMofmzZ6fv5X1k9vtaqLpDGMuICO9MmUnyKAQmVl+wIv2RNy4Dz8g=="],

    "@oxc-parser/binding-linux-arm64-gnu": ["@oxc-parser/binding-linux-arm64-gnu@0.128.0", "", { "os": "linux", "cpu": "arm64" }, "sha512-Xvm48jJah8TlIrURIjNOP/gNiGe6aKvCB+r06VliflFo8Kq7VOLE8PxtgShJzZIqubrgdMdYfvuPPozn7F6MbQ=="],

    "@oxc-parser/binding-linux-arm64-musl": ["@oxc-parser/binding-linux-arm64-musl@0.128.0", "", { "os": "linux", "cpu": "arm64" }, "sha512-M7iwBGmYJTx+pKOYFjI0buop4gJvlmcVzFGaXPt21DKpQkbQZG1f63Yg7LloIYT/t9yLxCw0Lhfx/RFlAlMSjA=="],

    "@oxc-parser/binding-linux-ppc64-gnu": ["@oxc-parser/binding-linux-ppc64-gnu@0.128.0", "", { "os": "linux", "cpu": "ppc64" }, "sha512-21LGNIZb1Pcfk5/EGsqabrxv4yqQOWis1407JJrClS7XpFCrbvr74YAB1V+m54cYbwvO6UWwQqS4WecxiyfCRg=="],

    "@oxc-parser/binding-linux-riscv64-gnu": ["@oxc-parser/binding-linux-riscv64-gnu@0.128.0", "", { "os": "linux", "cpu": "none" }, "sha512-gyHjOTFpg9bTTYjxPmQirvufb89+VdZwVfcMtAUyPr6F5H8ZswvCQshK4qOW+Q+2Xyb33hduRgY/eFHJQjU/vQ=="],

    "@oxc-parser/binding-linux-riscv64-musl": ["@oxc-parser/binding-linux-riscv64-musl@0.128.0", "", { "os": "linux", "cpu": "none" }, "sha512-X6Q2oKUrP5GyDd2xniuEBLk6aFQCZ97W2+aVXGgJXdjx5t4/oFuA9ri0wLOUrBIX+qdSuK581snMBio4z910eA=="],

    "@oxc-parser/binding-linux-s390x-gnu": ["@oxc-parser/binding-linux-s390x-gnu@0.128.0", "", { "os": "linux", "cpu": "s390x" }, "sha512-BdzTmqxfxoYkpgokoLaSnOX6T+R3/goL42klre2tnG+kHbG2TXS0VN+P5BPofH1axdKOHy5ei4ENZrjmCOt2lA=="],

    "@oxc-parser/binding-linux-x64-gnu": ["@oxc-parser/binding-linux-x64-gnu@0.128.0", "", { "os": "linux", "cpu": "x64" }, "sha512-OO1nW2Q7sSYYvJZpDHdvyFSdRaVcQqRijZSSmWVMqFxPYy8cEF45zJ9fcdIYuzIT3jYq6YRhEFm/VMWNWhE22Q=="],

    "@oxc-parser/binding-linux-x64-musl": ["@oxc-parser/binding-linux-x64-musl@0.128.0", "", { "os": "linux", "cpu": "x64" }, "sha512-4NehAe404MRdoZVS9DW8C5XbJwbXIc/KfVlYdpi5vE4081zc9Y0YzKVqyOYj/Puye7/Do+ohaONBFWlEHYl9hw=="],

    "@oxc-parser/binding-openharmony-arm64": ["@oxc-parser/binding-openharmony-arm64@0.128.0", "", { "os": "none", "cpu": "arm64" }, "sha512-kVbqgW9xLL8bh8oc7aYOJilRKXE5G33+tE0jan+duo/9OriaFRpijcCwT2waWs2oqYROYq0GlE7/p3ywoshVeg=="],

    "@oxc-parser/binding-wasm32-wasi": ["@oxc-parser/binding-wasm32-wasi@0.128.0", "", { "dependencies": { "@emnapi/core": "1.10.0", "@emnapi/runtime": "1.10.0", "@napi-rs/wasm-runtime": "^1.1.4" }, "cpu": "none" }, "sha512-L38ojghJYHmgiz6fJd7jwLB/ESDBpB02NdFxh+smqVM6P2anCEvHn0jhaSrt5eVNR1Ak8+moOeftUlofeyvniA=="],

    "@oxc-parser/binding-win32-arm64-msvc": ["@oxc-parser/binding-win32-arm64-msvc@0.128.0", "", { "os": "win32", "cpu": "arm64" }, "sha512-xgvO35GyHBtjlQ5AEpaYr7Rll1rvY7zqIhT6ty8E3ezBW2J1SFLjIDEvI/tcgDg6oaseDAqVcM+jU1HuCekgZw=="],

    "@oxc-parser/binding-win32-ia32-msvc": ["@oxc-parser/binding-win32-ia32-msvc@0.128.0", "", { "os": "win32", "cpu": "ia32" }, "sha512-OY+3eM2SN72prHKRB22mPz8o5A/7dJ+f5DFLBVvggyZhEaNDAH9IB+ElMjmOkOIwf5MDCUAowCK7pAncNxzpBA=="],

    "@oxc-parser/binding-win32-x64-msvc": ["@oxc-parser/binding-win32-x64-msvc@0.128.0", "", { "os": "win32", "cpu": "x64" }, "sha512-NE9ny+cPUCCObXa0IKLfj0tCdPd7pe/dz9ZpkxpUOymB3miNeMPybdlYYTBSGJUalMWeBM85/4JcCErCNTqOXw=="],

    "@oxc-project/types": ["@oxc-project/types@0.128.0", "", {}, "sha512-huv1Y/LzBJkBVHt3OlC7u0zHBW9qXf1FdD7sGmc1rXc2P1mTwHssYv7jyGx5KAACSCH+9B3Bhn6Z9luHRvf7pQ=="],

    "@tybys/wasm-util": ["@tybys/wasm-util@0.10.2", "", { "dependencies": { "tslib": "^2.4.0" } }, "sha512-RoBvJ2X0wuKlWFIjrwffGw1IqZHKQqzIchKaadZZfnNpsAYp2mM0h36JtPCjNDAHGgYez/15uMBpfGwchhiMgg=="],

    "TODO": ["TODO@workspace:npm"],

    "oxc-parser": ["oxc-parser@0.128.0", "", { "dependencies": { "@oxc-project/types": "^0.128.0" }, "optionalDependencies": { "@oxc-parser/binding-android-arm-eabi": "0.128.0", "@oxc-parser/binding-android-arm64": "0.128.0", "@oxc-parser/binding-darwin-arm64": "0.128.0", "@oxc-parser/binding-darwin-x64": "0.128.0", "@oxc-parser/binding-freebsd-x64": "0.128.0", "@oxc-parser/binding-linux-arm-gnueabihf": "0.128.0", "@oxc-parser/binding-linux-arm-musleabihf": "0.128.0", "@oxc-parser/binding-linux-arm64-gnu": "0.128.0", "@oxc-parser/binding-linux-arm64-musl": "0.128.0", "@oxc-parser/binding-linux-ppc64-gnu": "0.128.0", "@oxc-parser/binding-linux-riscv64-gnu": "0.128.0", "@oxc-parser/binding-linux-riscv64-musl": "0.128.0", "@oxc-parser/binding-linux-s390x-gnu": "0.128.0", "@oxc-parser/binding-linux-x64-gnu": "0.128.0", "@oxc-parser/binding-linux-x64-musl": "0.128.0", "@oxc-parser/binding-openharmony-arm64": "0.128.0", "@oxc-parser/binding-wasm32-wasi": "0.128.0", "@oxc-parser/binding-win32-arm64-msvc": "0.128.0", "@oxc-parser/binding-win32-ia32-msvc": "0.128.0", "@oxc-parser/binding-win32-x64-msvc": "0.128.0" } }, "sha512-XkOw3eiIxAgQ19WRew/Bq9wc5Ga/guaWIzDBzq80z1PyuDNGvWBpPby9k6YGwV8A8uMw+Nlq3xqlzuDYmUFYUw=="],

    "picomatch": ["picomatch@4.0.4", "", {}, "sha512-QP88BAKvMam/3NxH6vj2o21R6MjxZUAd6nlwAS/pnGvN9IVLocLHxGYIzFhg6fUQ+5th6P4dv4eW9jX3DSIj7A=="],

    "smol-toml": ["smol-toml@1.6.1", "", {}, "sha512-dWUG8F5sIIARXih1DTaQAX4SsiTXhInKf1buxdY9DIg4ZYPZK5nGM1VRIYmEbDbsHt7USo99xSLFu5Q1IqTmsg=="],

    "tslib": ["tslib@2.8.1", "", {}, "sha512-oJFu94HQb+KVduSUQL7wnpmqnfmLsOA/nAh6b6EH0wCEoK0/mPeXU6c3wKDV83MkOuHPRHtSXKKU99IBazS/2w=="],

    "yaml": ["yaml@2.9.0", "", { "bin": { "yaml": "bin.mjs" } }, "sha512-2AvhNX3mb8zd6Zy7INTtSpl1F15HW6Wnqj0srWlkKLcpYl/gMIMJiyuGq2KeI2YFxUPjdlB+3Lc10seMLtL4cA=="],

    "zod": ["zod@4.4.3", "", {}, "sha512-ytENFjIJFl2UwYglde2jchW2Hwm4GJFLDiSXWdTrJQBIN9Fcyp7n4DhxJEiWNAJMV1/BqWfW/kkg71UDcHJyTQ=="],
  }
}
